// !$*UTF8*$!
{
	archiveVersion = 1;
	classes = {
	};
	objectVersion = 56;
	objects = {

/* Begin PBXBuildFile section */
		18BCCCDF29F812B70024A10E /* SeerbitExampleAppApp.swift in Sources */ = {isa = PBXBuildFile; fileRef = 18BCCCDE29F812B70024A10E /* SeerbitExampleAppApp.swift */; };
		18BCCCE129F812B70024A10E /* ContentView.swift in Sources */ = {isa = PBXBuildFile; fileRef = 18BCCCE029F812B70024A10E /* ContentView.swift */; };
		18BCCCE329F812B90024A10E /* Assets.xcassets in Resources */ = {isa = PBXBuildFile; fileRef = 18BCCCE229F812B90024A10E /* Assets.xcassets */; };
		18BCCCE629F812B90024A10E /* Preview Assets.xcassets in Resources */ = {isa = PBXBuildFile; fileRef = 18BCCCE529F812B90024A10E /* Preview Assets.xcassets */; };
		18BCCD0529F814180024A10E /* SeerBit_SDK.framework in Frameworks */ = {isa = PBXBuildFile; fileRef = 18BCCD0129F813D70024A10E /* SeerBit_SDK.framework */; };
/* End PBXBuildFile section */

/* Begin PBXContainerItemProxy section */
		18BCCD0029F813D70024A10E /* PBXContainerItemProxy */ = {
			isa = PBXContainerItemProxy;
			containerPortal = 18BCCCFB29F813D70024A10E /* SeerBit-SDK.xcodeproj */;
			proxyType = 2;
			remoteGlobalIDString = 18B909B529BAB19B00BC0150;
			remoteInfo = "SeerBit-SDK";
		};
		18BCCD0229F813D70024A10E /* PBXContainerItemProxy */ = {
			isa = PBXContainerItemProxy;
			containerPortal = 18BCCCFB29F813D70024A10E /* SeerBit-SDK.xcodeproj */;
			proxyType = 2;
			remoteGlobalIDString = 18B909EE29BF60FB00BC0150;
			remoteInfo = ProjectAssets;
		};
/* End PBXContainerItemProxy section */

/* Begin PBXFileReference section */
		18BCCCDB29F812B70024A10E /* SeerbitExampleApp.app */ = {isa = PBXFileReference; explicitFileType = wrapper.application; includeInIndex = 0; path = SeerbitExampleApp.app; sourceTree = BUILT_PRODUCTS_DIR; };
		18BCCCDE29F812B70024A10E /* SeerbitExampleAppApp.swift */ = {isa = PBXFileReference; lastKnownFileType = sourcecode.swift; path = SeerbitExampleAppApp.swift; sourceTree = "<group>"; };
		18BCCCE029F812B70024A10E /* ContentView.swift */ = {isa = PBXFileReference; lastKnownFileType = sourcecode.swift; path = ContentView.swift; sourceTree = "<group>"; };
		18BCCCE229F812B90024A10E /* Assets.xcassets */ = {isa = PBXFileReference; lastKnownFileType = folder.assetcatalog; path = Assets.xcassets; sourceTree = "<group>"; };
		18BCCCE529F812B90024A10E /* Preview Assets.xcassets */ = {isa = PBXFileReference; lastKnownFileType = folder.assetcatalog; path = "Preview Assets.xcassets"; sourceTree = "<group>"; };
		18BCCCFB29F813D70024A10E /* SeerBit-SDK.xcodeproj */ = {isa = PBXFileReference; lastKnownFileType = "wrapper.pb-project"; name = "SeerBit-SDK.xcodeproj"; path = "../seerbit-ios/SeerBit-SDK/SeerBit-SDK.xcodeproj"; sourceTree = "<group>"; };
/* End PBXFileReference section */

/* Begin PBXFrameworksBuildPhase section */
		18BCCCD829F812B70024A10E /* Frameworks */ = {
			isa = PBXFrameworksBuildPhase;
			buildActionMask = 2147483647;
			files = (
				18BCCD0529F814180024A10E /* SeerBit_SDK.framework in Frameworks */,
			);
			runOnlyForDeploymentPostprocessing = 0;
		};
/* End PBXFrameworksBuildPhase section */

/* Begin PBXGroup section */
		18BCCCD229F812B70024A10E = {
			isa = PBXGroup;
			children = (
				18BCCCFB29F813D70024A10E /* SeerBit-SDK.xcodeproj */,
				18BCCCDD29F812B70024A10E /* SeerbitExampleApp */,
				18BCCCDC29F812B70024A10E /* Products */,
				18BCCD0429F814180024A10E /* Frameworks */,
			);
			sourceTree = "<group>";
		};
		18BCCCDC29F812B70024A10E /* Products */ = {
			isa = PBXGroup;
			children = (
				18BCCCDB29F812B70024A10E /* SeerbitExampleApp.app */,
			);
			name = Products;
			sourceTree = "<group>";
		};
		18BCCCDD29F812B70024A10E /* SeerbitExampleApp */ = {
			isa = PBXGroup;
			children = (
				18BCCCDE29F812B70024A10E /* SeerbitExampleAppApp.swift */,
				18BCCCE029F812B70024A10E /* ContentView.swift */,
				18BCCCE229F812B90024A10E /* Assets.xcassets */,
				18BCCCE429F812B90024A10E /* Preview Content */,
			);
			path = SeerbitExampleApp;
			sourceTree = "<group>";
		};
		18BCCCE429F812B90024A10E /* Preview Content */ = {
			isa = PBXGroup;
			children = (
				18BCCCE529F812B90024A10E /* Preview Assets.xcassets */,
			);
			path = "Preview Content";
			sourceTree = "<group>";
		};
		18BCCCFC29F813D70024A10E /* Products */ = {
			isa = PBXGroup;
			children = (
				18BCCD0129F813D70024A10E /* SeerBit_SDK.framework */,
				18BCCD0329F813D70024A10E /* ProjectAssets.bundle */,
			);
			name = Products;
			sourceTree = "<group>";
		};
		18BCCD0429F814180024A10E /* Frameworks */ = {
			isa = PBXGroup;
			children = (
			);
			name = Frameworks;
			sourceTree = "<group>";
		};
/* End PBXGroup section */

/* Begin PBXNativeTarget section */
		18BCCCDA29F812B70024A10E /* SeerbitExampleApp */ = {
			isa = PBXNativeTarget;
			buildConfigurationList = 18BCCCE929F812B90024A10E /* Build configuration list for PBXNativeTarget "SeerbitExampleApp" */;
			buildPhases = (
				18BCCCD729F812B70024A10E /* Sources */,
				18BCCCD829F812B70024A10E /* Frameworks */,
				18BCCCD929F812B70024A10E /* Resources */,
			);
			buildRules = (
			);
			dependencies = (
			);
			name = SeerbitExampleApp;
			productName = SeerbitExampleApp;
			productReference = 18BCCCDB29F812B70024A10E /* SeerbitExampleApp.app */;
			productType = "com.apple.product-type.application";
		};
/* End PBXNativeTarget section */

/* Begin PBXProject section */
		18BCCCD329F812B70024A10E /* Project object */ = {
			isa = PBXProject;
			attributes = {
				BuildIndependentTargetsInParallel = 1;
				LastSwiftUpdateCheck = 1410;
				LastUpgradeCheck = 1410;
				TargetAttributes = {
					18BCCCDA29F812B70024A10E = {
						CreatedOnToolsVersion = 14.1;
					};
				};
			};
			buildConfigurationList = 18BCCCD629F812B70024A10E /* Build configuration list for PBXProject "SeerbitExampleApp" */;
			compatibilityVersion = "Xcode 14.0";
			developmentRegion = en;
			hasScannedForEncodings = 0;
			knownRegions = (
				en,
				Base,
			);
			mainGroup = 18BCCCD229F812B70024A10E;
			productRefGroup = 18BCCCDC29F812B70024A10E /* Products */;
			projectDirPath = "";
			projectReferences = (
				{
					ProductGroup = 18BCCCFC29F813D70024A10E /* Products */;
					ProjectRef = 18BCCCFB29F813D70024A10E /* SeerBit-SDK.xcodeproj */;
				},
			);
			projectRoot = "";
			targets = (
				18BCCCDA29F812B70024A10E /* SeerbitExampleApp */,
			);
		};
/* End PBXProject section */

/* Begin PBXReferenceProxy section */
		18BCCD0129F813D70024A10E /* SeerBit_SDK.framework */ = {
			isa = PBXReferenceProxy;
			fileType = wrapper.framework;
			path = SeerBit_SDK.framework;
			remoteRef = 18BCCD0029F813D70024A10E /* PBXContainerItemProxy */;
			sourceTree = BUILT_PRODUCTS_DIR;
		};
		18BCCD0329F813D70024A10E /* ProjectAssets.bundle */ = {
			isa = PBXReferenceProxy;
			fileType = wrapper.cfbundle;
			path = ProjectAssets.bundle;
			remoteRef = 18BCCD0229F813D70024A10E /* PBXContainerItemProxy */;
			sourceTree = BUILT_PRODUCTS_DIR;
		};
/* End PBXReferenceProxy section */

/* Begin PBXResourcesBuildPhase section */
		18BCCCD929F812B70024A10E /* Resources */ = {
			isa = PBXResourcesBuildPhase;
			buildActionMask = 2147483647;
			files = (
				18BCCCE629F812B90024A10E /* Preview Assets.xcassets in Resources */,
				18BCCCE329F812B90024A10E /* Assets.xcassets in Resources */,
			);
			runOnlyForDeploymentPostprocessing = 0;
		};
/* End PBXResourcesBuildPhase section */

/* Begin PBXSourcesBuildPhase section */
		18BCCCD729F812B70024A10E /* Sources */ = {
			isa = PBXSourcesBuildPhase;
			buildActionMask = 2147483647;
			files = (
				18BCCCE129F812B70024A10E /* ContentView.swift in Sources */,
				18BCCCDF29F812B70024A10E /* SeerbitExampleAppApp.swift in Sources */,
			);
			runOnlyForDeploymentPostprocessing = 0;
		};
/* End PBXSourcesBuildPhase section */

/* Begin XCBuildConfiguration section */
		18BCCCE729F812B90024A10E /* Debug */ = {
			isa = XCBuildConfiguration;
			buildSettings = {
				ALWAYS_SEARCH_USER_PATHS = NO;
				CLANG_ANALYZER_NONNULL = YES;
				CLANG_ANALYZER_NUMBER_OBJECT_CONVERSION = YES_AGGRESSIVE;
				CLANG_CXX_LANGUAGE_STANDARD = "gnu++20";
				CLANG_ENABLE_MODULES = YES;
				CLANG_ENABLE_OBJC_ARC = YES;
				CLANG_ENABLE_OBJC_WEAK = YES;
				CLANG_WARN_BLOCK_CAPTURE_AUTORELEASING = YES;
				CLANG_WARN_BOOL_CONVERSION = YES;
				CLANG_WARN_COMMA = YES;
				CLANG_WARN_CONSTANT_CONVERSION = YES;
				CLANG_WARN_DEPRECATED_OBJC_IMPLEMENTATIONS = YES;
				CLANG_WARN_DIRECT_OBJC_ISA_USAGE = YES_ERROR;
				CLANG_WARN_DOCUMENTATION_COMMENTS = YES;
				CLANG_WARN_EMPTY_BODY = YES;
				CLANG_WARN_ENUM_CONVERSION = YES;
				CLANG_WARN_INFINITE_RECURSION = YES;
				CLANG_WARN_INT_CONVERSION = YES;
				CLANG_WARN_NON_LITERAL_NULL_CONVERSION = YES;
				CLANG_WARN_OBJC_IMPLICIT_RETAIN_SELF = YES;
				CLANG_WARN_OBJC_LITERAL_CONVERSION = YES;
				CLANG_WARN_OBJC_ROOT_CLASS = YES_ERROR;
				CLANG_WARN_QUOTED_INCLUDE_IN_FRAMEWORK_HEADER = YES;
				CLANG_WARN_RANGE_LOOP_ANALYSIS = YES;
				CLANG_WARN_STRICT_PROTOTYPES = YES;
				CLANG_WARN_SUSPICIOUS_MOVE = YES;
				CLANG_WARN_UNGUARDED_AVAILABILITY = YES_AGGRESSIVE;
				CLANG_WARN_UNREACHABLE_CODE = YES;
				CLANG_WARN__DUPLICATE_METHOD_MATCH = YES;
				COPY_PHASE_STRIP = NO;
				DEBUG_INFORMATION_FORMAT = dwarf;
				ENABLE_STRICT_OBJC_MSGSEND = YES;
				ENABLE_TESTABILITY = YES;
				GCC_C_LANGUAGE_STANDARD = gnu11;
				GCC_DYNAMIC_NO_PIC = NO;
				GCC_NO_COMMON_BLOCKS = YES;
				GCC_OPTIMIZATION_LEVEL = 0;
				GCC_PREPROCESSOR_DEFINITIONS = (
					"DEBUG=1",
					"$(inherited)",
				);
				GCC_WARN_64_TO_32_BIT_CONVERSION = YES;
				GCC_WARN_ABOUT_RETURN_TYPE = YES_ERROR;
				GCC_WARN_UNDECLARED_SELECTOR = YES;
				GCC_WARN_UNINITIALIZED_AUTOS = YES_AGGRESSIVE;
				GCC_WARN_UNUSED_FUNCTION = YES;
				GCC_WARN_UNUSED_VARIABLE = YES;
				IPHONEOS_DEPLOYMENT_TARGET = 16.1;
				MTL_ENABLE_DEBUG_INFO = INCLUDE_SOURCE;
				MTL_FAST_MATH = YES;
				ONLY_ACTIVE_ARCH = YES;
				SDKROOT = iphoneos;
				SWIFT_ACTIVE_COMPILATION_CONDITIONS = DEBUG;
				SWIFT_OPTIMIZATION_LEVEL = "-Onone";
			};
			name = Debug;
		};
		18BCCCE829F812B90024A10E /* Release */ = {
			isa = XCBuildConfiguration;
			buildSettings = {
				ALWAYS_SEARCH_USER_PATHS = NO;
				CLANG_ANALYZER_NONNULL = YES;
				CLANG_ANALYZER_NUMBER_OBJECT_CONVERSION = YES_AGGRESSIVE;
				CLANG_CXX_LANGUAGE_STANDARD = "gnu++20";
				CLANG_ENABLE_MODULES = YES;
				CLANG_ENABLE_OBJC_ARC = YES;
				CLANG_ENABLE_OBJC_WEAK = YES;
				CLANG_WARN_BLOCK_CAPTURE_AUTORELEASING = YES;
				CLANG_WARN_BOOL_CONVERSION = YES;
				CLANG_WARN_COMMA = YES;
				CLANG_WARN_CONSTANT_CONVERSION = YES;
				CLANG_WARN_DEPRECATED_OBJC_IMPLEMENTATIONS = YES;
				CLANG_WARN_DIRECT_OBJC_ISA_USAGE = YES_ERROR;
				CLANG_WARN_DOCUMENTATION_COMMENTS = YES;
				CLANG_WARN_EMPTY_BODY = YES;
				CLANG_WARN_ENUM_CONVERSION = YES;
				CLANG_WARN_INFINITE_RECURSION = YES;
				CLANG_WARN_INT_CONVERSION = YES;
				CLANG_WARN_NON_LITERAL_NULL_CONVERSION = YES;
				CLANG_WARN_OBJC_IMPLICIT_RETAIN_SELF = YES;
				CLANG_WARN_OBJC_LITERAL_CONVERSION = YES;
				CLANG_WARN_OBJC_ROOT_CLASS = YES_ERROR;
				CLANG_WARN_QUOTED_INCLUDE_IN_FRAMEWORK_HEADER = YES;
				CLANG_WARN_RANGE_LOOP_ANALYSIS = YES;
				CLANG_WARN_STRICT_PROTOTYPES = YES;
				CLANG_WARN_SUSPICIOUS_MOVE = YES;
				CLANG_WARN_UNGUARDED_AVAILABILITY = YES_AGGRESSIVE;
				CLANG_WARN_UNREACHABLE_CODE = YES;
				CLANG_WARN__DUPLICATE_METHOD_MATCH = YES;
				COPY_PHASE_STRIP = NO;
				DEBUG_INFORMATION_FORMAT = "dwarf-with-dsym";
				ENABLE_NS_ASSERTIONS = NO;
				ENABLE_STRICT_OBJC_MSGSEND = YES;
				GCC_C_LANGUAGE_STANDARD = gnu11;
				GCC_NO_COMMON_BLOCKS = YES;
				GCC_WARN_64_TO_32_BIT_CONVERSION = YES;
				GCC_WARN_ABOUT_RETURN_TYPE = YES_ERROR;
				GCC_WARN_UNDECLARED_SELECTOR = YES;
				GCC_WARN_UNINITIALIZED_AUTOS = YES_AGGRESSIVE;
				GCC_WARN_UNUSED_FUNCTION = YES;
				GCC_WARN_UNUSED_VARIABLE = YES;
				IPHONEOS_DEPLOYMENT_TARGET = 16.1;
				MTL_ENABLE_DEBUG_INFO = NO;
				MTL_FAST_MATH = YES;
				SDKROOT = iphoneos;
				SWIFT_COMPILATION_MODE = wholemodule;
				SWIFT_OPTIMIZATION_LEVEL = "-O";
				VALIDATE_PRODUCT = YES;
			};
			name = Release;
		};
		18BCCCEA29F812B90024A10E /* Debug */ = {
			isa = XCBuildConfiguration;
			buildSettings = {
				ASSETCATALOG_COMPILER_APPICON_NAME = AppIcon;
				ASSETCATALOG_COMPILER_GLOBAL_ACCENT_COLOR_NAME = AccentColor;
				CODE_SIGN_STYLE = Automatic;
				CURRENT_PROJECT_VERSION = 1;
				DEVELOPMENT_ASSET_PATHS = "\"SeerbitExampleApp/Preview Content\"";
				DEVELOPMENT_TEAM = 65V4938698;
				ENABLE_PREVIEWS = YES;
				GENERATE_INFOPLIST_FILE = YES;
				INFOPLIST_KEY_UIApplicationSceneManifest_Generation = YES;
				INFOPLIST_KEY_UIApplicationSupportsIndirectInputEvents = YES;
				INFOPLIST_KEY_UILaunchScreen_Generation = YES;
				INFOPLIST_KEY_UISupportedInterfaceOrientations_iPad = "UIInterfaceOrientationPortrait UIInterfaceOrientationPortraitUpsideDown UIInterfaceOrientationLandscapeLeft UIInterfaceOrientationLandscapeRight";
				INFOPLIST_KEY_UISupportedInterfaceOrientations_iPhone = "UIInterfaceOrientationPortrait UIInterfaceOrientationLandscapeLeft UIInterfaceOrientationLandscapeRight";
				LD_RUNPATH_SEARCH_PATHS = (
					"$(inherited)",
					"@executable_path/Frameworks",
				);
				MARKETING_VERSION = 1.0;
				PRODUCT_BUNDLE_IDENTIFIER = com.Yhugee.SeerbitExampleApp;
				PRODUCT_NAME = "$(TARGET_NAME)";
				SWIFT_EMIT_LOC_STRINGS = YES;
				SWIFT_VERSION = 5.0;
				TARGETED_DEVICE_FAMILY = "1,2";
			};
			name = Debug;
		};
		18BCCCEB29F812B90024A10E /* Release */ = {
			isa = XCBuildConfiguration;
			buildSettings = {
				ASSETCATALOG_COMPILER_APPICON_NAME = AppIcon;
				ASSETCATALOG_COMPILER_GLOBAL_ACCENT_COLOR_NAME = AccentColor;
				CODE_SIGN_STYLE = Automatic;
				CURRENT_PROJECT_VERSION = 1;
				DEVELOPMENT_ASSET_PATHS = "\"SeerbitExampleApp/Preview Content\"";
				DEVELOPMENT_TEAM = 65V4938698;
				ENABLE_PREVIEWS = YES;
				GENERATE_INFOPLIST_FILE = YES;
				INFOPLIST_KEY_UIApplicationSceneManifest_Generation = YES;
				INFOPLIST_KEY_UIApplicationSupportsIndirectInputEvents = YES;
				INFOPLIST_KEY_UILaunchScreen_Generation = YES;
				INFOPLIST_KEY_UISupportedInterfaceOrientations_iPad = "UIInterfaceOrientationPortrait UIInterfaceOrientationPortraitUpsideDown UIInterfaceOrientationLandscapeLeft UIInterfaceOrientationLandscapeRight";
				INFOPLIST_KEY_UISupportedInterfaceOrientations_iPhone = "UIInterfaceOrientationPortrait UIInterfaceOrientationLandscapeLeft UIInterfaceOrientationLandscapeRight";
				LD_RUNPATH_SEARCH_PATHS = (
					"$(inherited)",
					"@executable_path/Frameworks",
				);
				MARKETING_VERSION = 1.0;
				PRODUCT_BUNDLE_IDENTIFIER = com.Yhugee.SeerbitExampleApp;
				PRODUCT_NAME = "$(TARGET_NAME)";
				SWIFT_EMIT_LOC_STRINGS = YES;
				SWIFT_VERSION = 5.0;
				TARGETED_DEVICE_FAMILY = "1,2";
			};
			name = Release;
		};
/* End XCBuildConfiguration section */

/* Begin XCConfigurationList section */
		18BCCCD629F812B70024A10E /* Build configuration list for PBXProject "SeerbitExampleApp" */ = {
			isa = XCConfigurationList;
			buildConfigurations = (
				18BCCCE729F812B90024A10E /* Debug */,
				18BCCCE829F812B90024A10E /* Release */,
			);
			defaultConfigurationIsVisible = 0;
			defaultConfigurationName = Release;
		};
		18BCCCE929F812B90024A10E /* Build configuration list for PBXNativeTarget "SeerbitExampleApp" */ = {
			isa = XCConfigurationList;
			buildConfigurations = (
				18BCCCEA29F812B90024A10E /* Debug */,
				18BCCCEB29F812B90024A10E /* Release */,
			);
			defaultConfigurationIsVisible = 0;
			defaultConfigurationName = Release;
		};
/* End XCConfigurationList section */
	};
	rootObject = 18BCCCD329F812B70024A10E /* Project object */;
}
